{
  "name": "transitive-app",
  "version": "1.0.0",
  "lockfileVersion": 3,
  "requires": true,
  "packages": {
    "": {
      "name": "transitive-app",
      "version": "1.0.0",
      "dependencies": {
        "wrapper": "1.0.0"
      }
    },
    "node_modules/wrapper": {
      "version": "1.0.0",
      "resolved": "https://registry.npmjs.org/wrapper/-/wrapper-1.0.0.tgz",
      "dependencies": {
        "lodash": "4.17.11"
      }
    },
    "node_modules/lodash": {
      "version": "4.17.11",
      "resolved": "https://registry.npmjs.org/lodash/-/lodash-4.17.11.tgz"
    }
  }
}
